
Microsoft Visual Studio Solution File, Format Version 12.00
# Visual Studio Version 16
VisualStudioVersion = 16.0.31729.503
MinimumVisualStudioVersion = 10.0.40219.1
Project("{FAE04EC0-301F-11D3-BF4B-00C04F79EFBC}") = "HackatOrgan", "HackatOrgan.csproj", "{7EC8E3E6-1A8F-487B-8A66-DA9CC809BDA0}"
EndProject
Global
	GlobalSection(SolutionConfigurationPlatforms) = preSolution
		Debug|Any CPU = Debug|Any CPU
		Release|Any CPU = Release|Any CPU
	EndGlobalSection
	GlobalSection(ProjectConfigurationPlatforms) = postSolution
		{7EC8E3E6-1A8F-487B-8A66-DA9CC809BDA0}.Debug|Any CPU.ActiveCfg = Debug|Any CPU
		{7EC8E3E6-1A8F-487B-8A66-DA9CC809BDA0}.Debug|Any CPU.Build.0 = Debug|Any CPU
		{7EC8E3E6-1A8F-487B-8A66-DA9CC809BDA0}.Release|Any CPU.ActiveCfg = Release|Any CPU
		{7EC8E3E6-1A8F-487B-8A66-DA9CC809BDA0}.Release|Any CPU.Build.0 = Release|Any CPU
	EndGlobalSection
	GlobalSection(SolutionProperties) = preSolution
		HideSolutionNode = FALSE
	EndGlobalSection
	GlobalSection(ExtensibilityGlobals) = postSolution
		SolutionGuid = {3A6EB3BC-8524-4912-9760-3CF77EC6ED1B}
	EndGlobalSection
EndGlobal
